
Microsoft Visual Studio Solution File, Format Version 12.00
# Visual Studio Version 17
VisualStudioVersion = 17.11.35208.52
MinimumVisualStudioVersion = 10.0.40219.1
Project("{FAE04EC0-301F-11D3-BF4B-00C04F79EFBC}") = "PrimerAvance", "PrimerAvance\PrimerAvance.csproj", "{21F02A9F-914E-495D-84C7-23751AE503C6}"
EndProject
Global
	GlobalSection(SolutionConfigurationPlatforms) = preSolution
		Debug|Any CPU = Debug|Any CPU
		Release|Any CPU = Release|Any CPU
	EndGlobalSection
	GlobalSection(ProjectConfigurationPlatforms) = postSolution
		{21F02A9F-914E-495D-84C7-23751AE503C6}.Debug|Any CPU.ActiveCfg = Debug|Any CPU
		{21F02A9F-914E-495D-84C7-23751AE503C6}.Debug|Any CPU.Build.0 = Debug|Any CPU
		{21F02A9F-914E-495D-84C7-23751AE503C6}.Release|Any CPU.ActiveCfg = Release|Any CPU
		{21F02A9F-914E-495D-84C7-23751AE503C6}.Release|Any CPU.Build.0 = Release|Any CPU
	EndGlobalSection
	GlobalSection(SolutionProperties) = preSolution
		HideSolutionNode = FALSE
	EndGlobalSection
	GlobalSection(ExtensibilityGlobals) = postSolution
		SolutionGuid = {F93978F9-107E-4698-89AD-5988A9505858}
	EndGlobalSection
EndGlobal
